
Microsoft Visual Studio Solution File, Format Version 12.00
# Visual Studio Version 16
VisualStudioVersion = 16.0.30011.22
MinimumVisualStudioVersion = 10.0.40219.1
Project("{9A19103F-16F7-4668-BE54-9A1E7A4F7556}") = "api.layer", "api.layer\api.layer.csproj", "{D34AC283-C78B-4228-B36F-9E1BB0A32DE6}"
EndProject
Global
	GlobalSection(SolutionConfigurationPlatforms) = preSolution
		Debug|Any CPU = Debug|Any CPU
		Release|Any CPU = Release|Any CPU
	EndGlobalSection
	GlobalSection(ProjectConfigurationPlatforms) = postSolution
		{D34AC283-C78B-4228-B36F-9E1BB0A32DE6}.Debug|Any CPU.ActiveCfg = Debug|Any CPU
		{D34AC283-C78B-4228-B36F-9E1BB0A32DE6}.Debug|Any CPU.Build.0 = Debug|Any CPU
		{D34AC283-C78B-4228-B36F-9E1BB0A32DE6}.Release|Any CPU.ActiveCfg = Release|Any CPU
		{D34AC283-C78B-4228-B36F-9E1BB0A32DE6}.Release|Any CPU.Build.0 = Release|Any CPU
	EndGlobalSection
	GlobalSection(SolutionProperties) = preSolution
		HideSolutionNode = FALSE
	EndGlobalSection
	GlobalSection(ExtensibilityGlobals) = postSolution
		SolutionGuid = {5035B4C8-CE6D-4FCB-BC5B-ECA2D992D965}
	EndGlobalSection
EndGlobal
